{
  "name": "p3-project-2",
  "lockfileVersion": 2,
  "requires": true,
  "packages": {
    "": {
      "dependencies": {
        "expo-publish": "^0.0.0"
      }
    },
    "node_modules/expo-publish": {
      "version": "0.0.0",
      "resolved": "https://registry.npmjs.org/expo-publish/-/expo-publish-0.0.0.tgz",
      "integrity": "sha512-OLsndq1Sz3C5JWLMY+Ode3wfHEZQPWBfvCXacHwsArDqnVFu73zP1QEhq/r6AXPFx+wRH+GjuPv4SIhzcikbLQ=="
    }
  },
  "dependencies": {
    "expo-publish": {
      "version": "0.0.0",
      "resolved": "https://registry.npmjs.org/expo-publish/-/expo-publish-0.0.0.tgz",
      "integrity": "sha512-OLsndq1Sz3C5JWLMY+Ode3wfHEZQPWBfvCXacHwsArDqnVFu73zP1QEhq/r6AXPFx+wRH+GjuPv4SIhzcikbLQ=="
    }
  }
}
